
Microsoft Visual Studio Solution File, Format Version 12.00
# Visual Studio Version 16
VisualStudioVersion = 16.0.29613.14
MinimumVisualStudioVersion = 10.0.40219.1
Project("{FAE04EC0-301F-11D3-BF4B-00C04F79EFBC}") = "Producer", "Producer\Producer.csproj", "{719DD3A5-A879-4741-991F-989E0EEE90D7}"
EndProject
Project("{FAE04EC0-301F-11D3-BF4B-00C04F79EFBC}") = "ChatConsole", "ChatConsole\ChatConsole.csproj", "{38D4FF54-B2E3-4C95-9322-DF4A1F0BAD7E}"
EndProject
Project("{FAE04EC0-301F-11D3-BF4B-00C04F79EFBC}") = "Receiver", "Receiver\Receiver.csproj", "{AB41D24D-9759-428C-B489-E00EF7EA059D}"
EndProject
Global
	GlobalSection(SolutionConfigurationPlatforms) = preSolution
		Debug|Any CPU = Debug|Any CPU
		Release|Any CPU = Release|Any CPU
	EndGlobalSection
	GlobalSection(ProjectConfigurationPlatforms) = postSolution
		{719DD3A5-A879-4741-991F-989E0EEE90D7}.Debug|Any CPU.ActiveCfg = Debug|Any CPU
		{719DD3A5-A879-4741-991F-989E0EEE90D7}.Debug|Any CPU.Build.0 = Debug|Any CPU
		{719DD3A5-A879-4741-991F-989E0EEE90D7}.Release|Any CPU.ActiveCfg = Release|Any CPU
		{719DD3A5-A879-4741-991F-989E0EEE90D7}.Release|Any CPU.Build.0 = Release|Any CPU
		{38D4FF54-B2E3-4C95-9322-DF4A1F0BAD7E}.Debug|Any CPU.ActiveCfg = Debug|Any CPU
		{38D4FF54-B2E3-4C95-9322-DF4A1F0BAD7E}.Debug|Any CPU.Build.0 = Debug|Any CPU
		{38D4FF54-B2E3-4C95-9322-DF4A1F0BAD7E}.Release|Any CPU.ActiveCfg = Release|Any CPU
		{38D4FF54-B2E3-4C95-9322-DF4A1F0BAD7E}.Release|Any CPU.Build.0 = Release|Any CPU
		{AB41D24D-9759-428C-B489-E00EF7EA059D}.Debug|Any CPU.ActiveCfg = Debug|Any CPU
		{AB41D24D-9759-428C-B489-E00EF7EA059D}.Debug|Any CPU.Build.0 = Debug|Any CPU
		{AB41D24D-9759-428C-B489-E00EF7EA059D}.Release|Any CPU.ActiveCfg = Release|Any CPU
		{AB41D24D-9759-428C-B489-E00EF7EA059D}.Release|Any CPU.Build.0 = Release|Any CPU
	EndGlobalSection
	GlobalSection(SolutionProperties) = preSolution
		HideSolutionNode = FALSE
	EndGlobalSection
	GlobalSection(ExtensibilityGlobals) = postSolution
		SolutionGuid = {EF9D8972-C271-42CC-8AA8-E2DC4AC8C099}
	EndGlobalSection
EndGlobal
